
Microsoft Visual Studio Solution File, Format Version 12.00
# Visual Studio 14
VisualStudioVersion = 14.0.25123.0
MinimumVisualStudioVersion = 10.0.40219.1
Project("{FAE04EC0-301F-11D3-BF4B-00C04F79EFBC}") = "Calculator_UI", "Calculator_UI\Calculator_UI.csproj", "{54431A21-7AF1-4BC0-AB71-F54F7C1D88F8}"
EndProject
Project("{FAE04EC0-301F-11D3-BF4B-00C04F79EFBC}") = "Python_Accessor", "Python_Accessor\Python_Accessor.csproj", "{15621542-147E-4FD3-894E-AA8165DC63A3}"
EndProject
Project("{FAE04EC0-301F-11D3-BF4B-00C04F79EFBC}") = "Python_AccessorTests", "Python_AccessorTests\Python_AccessorTests.csproj", "{3B5B7E72-B514-4F94-8406-F0B2F26F970D}"
EndProject
Global
	GlobalSection(SolutionConfigurationPlatforms) = preSolution
		Debug|Any CPU = Debug|Any CPU
		Release|Any CPU = Release|Any CPU
	EndGlobalSection
	GlobalSection(ProjectConfigurationPlatforms) = postSolution
		{54431A21-7AF1-4BC0-AB71-F54F7C1D88F8}.Debug|Any CPU.ActiveCfg = Debug|Any CPU
		{54431A21-7AF1-4BC0-AB71-F54F7C1D88F8}.Debug|Any CPU.Build.0 = Debug|Any CPU
		{54431A21-7AF1-4BC0-AB71-F54F7C1D88F8}.Release|Any CPU.ActiveCfg = Release|Any CPU
		{54431A21-7AF1-4BC0-AB71-F54F7C1D88F8}.Release|Any CPU.Build.0 = Release|Any CPU
		{15621542-147E-4FD3-894E-AA8165DC63A3}.Debug|Any CPU.ActiveCfg = Debug|Any CPU
		{15621542-147E-4FD3-894E-AA8165DC63A3}.Debug|Any CPU.Build.0 = Debug|Any CPU
		{15621542-147E-4FD3-894E-AA8165DC63A3}.Release|Any CPU.ActiveCfg = Release|Any CPU
		{15621542-147E-4FD3-894E-AA8165DC63A3}.Release|Any CPU.Build.0 = Release|Any CPU
		{3B5B7E72-B514-4F94-8406-F0B2F26F970D}.Debug|Any CPU.ActiveCfg = Debug|Any CPU
		{3B5B7E72-B514-4F94-8406-F0B2F26F970D}.Debug|Any CPU.Build.0 = Debug|Any CPU
		{3B5B7E72-B514-4F94-8406-F0B2F26F970D}.Release|Any CPU.ActiveCfg = Release|Any CPU
		{3B5B7E72-B514-4F94-8406-F0B2F26F970D}.Release|Any CPU.Build.0 = Release|Any CPU
	EndGlobalSection
	GlobalSection(SolutionProperties) = preSolution
		HideSolutionNode = FALSE
	EndGlobalSection
EndGlobal
